{
  "name": "Pong",
  "lockfileVersion": 3,
  "requires": true,
  "packages": {
    "": {
      "dependencies": {
        "ggez": "^0.0.1"
      }
    },
    "node_modules/ggez": {
      "version": "0.0.1",
      "resolved": "https://registry.npmjs.org/ggez/-/ggez-0.0.1.tgz",
      "integrity": "sha512-U2rDYosZ8qeFwIqz9JKq+pW4V1FBur5w9WChMGfHRj9FfxA+V9Au2guhsA1R3iJr7bgMVsy2lJUvq60NvmxjJQ==",
      "engines": {
        "node": ">=18"
      }
    }
  }
}
